
Microsoft Visual Studio Solution File, Format Version 12.00
# Visual Studio Version 17
VisualStudioVersion = 17.13.35919.96
MinimumVisualStudioVersion = 10.0.40219.1
Project("{2150E333-8FDC-42A3-9474-1A3956D46DE8}") = "Services", "Services", "{02EA681E-C7D8-13C7-8484-4AC65E1B71E8}"
EndProject
Project("{2150E333-8FDC-42A3-9474-1A3956D46DE8}") = "WebApps", "WebApps", "{B17C2944-B379-45DA-AF5D-B20D53DF72C0}"
EndProject
Project("{2150E333-8FDC-42A3-9474-1A3956D46DE8}") = "Catalogo", "Catalogo", "{2C47FF0C-83B7-48DB-BB6D-4CFD0ED5E34A}"
EndProject
Project("{FAE04EC0-301F-11D3-BF4B-00C04F79EFBC}") = "TelesEducacao.Catalogo.Domain", "src\TelesEducacao.Catalogo.Domain\TelesEducacao.Catalogo.Domain.csproj", "{4027AA43-7F33-4603-875C-98AA69D7ADC8}"
EndProject
Project("{2150E333-8FDC-42A3-9474-1A3956D46DE8}") = "Core", "Core", "{EF11639C-E334-4721-BC7B-12205830A03E}"
EndProject
Project("{FAE04EC0-301F-11D3-BF4B-00C04F79EFBC}") = "TelesEducacao.Core", "src\TelesEducacao.Core\TelesEducacao.Core.csproj", "{1611C687-AEDC-4C2B-B13B-E09724F2E14D}"
EndProject
Project("{2150E333-8FDC-42A3-9474-1A3956D46DE8}") = "Tests", "Tests", "{7AECFE51-A6F8-4C3D-9114-A4BE7FBCC7DF}"
EndProject
Project("{FAE04EC0-301F-11D3-BF4B-00C04F79EFBC}") = "TelesEducacao.Catalogo.Domain.Tests", "tests\TelesEducacao.Catalogo.Domain.Tests\TelesEducacao.Catalogo.Domain.Tests.csproj", "{9B5C3067-0F4F-4D51-B2EE-C66E7D5568B8}"
EndProject
Project("{FAE04EC0-301F-11D3-BF4B-00C04F79EFBC}") = "TelesEducacao.Catalogo.Data", "src\TelesEducacao.Catalogo.Data\TelesEducacao.Catalogo.Data.csproj", "{BF686D96-C4B9-44A7-8C06-0E765111A585}"
EndProject
Project("{FAE04EC0-301F-11D3-BF4B-00C04F79EFBC}") = "TelesEducacao.Catalogo.Application", "src\TelesEducacao.Catalogo.Application\TelesEducacao.Catalogo.Application.csproj", "{2D73CF1A-54EF-496E-9EF1-CC53C207937F}"
EndProject
Project("{FAE04EC0-301F-11D3-BF4B-00C04F79EFBC}") = "TelesEducacao.WebApp.API", "src\TelesEducacao.WebApp.API\TelesEducacao.WebApp.API.csproj", "{9443EBDB-002F-4845-A659-44D4BF9A22CF}"
EndProject
Global
	GlobalSection(SolutionConfigurationPlatforms) = preSolution
		Debug|Any CPU = Debug|Any CPU
		Release|Any CPU = Release|Any CPU
	EndGlobalSection
	GlobalSection(ProjectConfigurationPlatforms) = postSolution
		{4027AA43-7F33-4603-875C-98AA69D7ADC8}.Debug|Any CPU.ActiveCfg = Debug|Any CPU
		{4027AA43-7F33-4603-875C-98AA69D7ADC8}.Debug|Any CPU.Build.0 = Debug|Any CPU
		{4027AA43-7F33-4603-875C-98AA69D7ADC8}.Release|Any CPU.ActiveCfg = Release|Any CPU
		{4027AA43-7F33-4603-875C-98AA69D7ADC8}.Release|Any CPU.Build.0 = Release|Any CPU
		{1611C687-AEDC-4C2B-B13B-E09724F2E14D}.Debug|Any CPU.ActiveCfg = Debug|Any CPU
		{1611C687-AEDC-4C2B-B13B-E09724F2E14D}.Debug|Any CPU.Build.0 = Debug|Any CPU
		{1611C687-AEDC-4C2B-B13B-E09724F2E14D}.Release|Any CPU.ActiveCfg = Release|Any CPU
		{1611C687-AEDC-4C2B-B13B-E09724F2E14D}.Release|Any CPU.Build.0 = Release|Any CPU
		{9B5C3067-0F4F-4D51-B2EE-C66E7D5568B8}.Debug|Any CPU.ActiveCfg = Debug|Any CPU
		{9B5C3067-0F4F-4D51-B2EE-C66E7D5568B8}.Debug|Any CPU.Build.0 = Debug|Any CPU
		{9B5C3067-0F4F-4D51-B2EE-C66E7D5568B8}.Release|Any CPU.ActiveCfg = Release|Any CPU
		{9B5C3067-0F4F-4D51-B2EE-C66E7D5568B8}.Release|Any CPU.Build.0 = Release|Any CPU
		{BF686D96-C4B9-44A7-8C06-0E765111A585}.Debug|Any CPU.ActiveCfg = Debug|Any CPU
		{BF686D96-C4B9-44A7-8C06-0E765111A585}.Debug|Any CPU.Build.0 = Debug|Any CPU
		{BF686D96-C4B9-44A7-8C06-0E765111A585}.Release|Any CPU.ActiveCfg = Release|Any CPU
		{BF686D96-C4B9-44A7-8C06-0E765111A585}.Release|Any CPU.Build.0 = Release|Any CPU
		{2D73CF1A-54EF-496E-9EF1-CC53C207937F}.Debug|Any CPU.ActiveCfg = Debug|Any CPU
		{2D73CF1A-54EF-496E-9EF1-CC53C207937F}.Debug|Any CPU.Build.0 = Debug|Any CPU
		{2D73CF1A-54EF-496E-9EF1-CC53C207937F}.Release|Any CPU.ActiveCfg = Release|Any CPU
		{2D73CF1A-54EF-496E-9EF1-CC53C207937F}.Release|Any CPU.Build.0 = Release|Any CPU
		{9443EBDB-002F-4845-A659-44D4BF9A22CF}.Debug|Any CPU.ActiveCfg = Debug|Any CPU
		{9443EBDB-002F-4845-A659-44D4BF9A22CF}.Debug|Any CPU.Build.0 = Debug|Any CPU
		{9443EBDB-002F-4845-A659-44D4BF9A22CF}.Release|Any CPU.ActiveCfg = Release|Any CPU
		{9443EBDB-002F-4845-A659-44D4BF9A22CF}.Release|Any CPU.Build.0 = Release|Any CPU
	EndGlobalSection
	GlobalSection(SolutionProperties) = preSolution
		HideSolutionNode = FALSE
	EndGlobalSection
	GlobalSection(NestedProjects) = preSolution
		{2C47FF0C-83B7-48DB-BB6D-4CFD0ED5E34A} = {02EA681E-C7D8-13C7-8484-4AC65E1B71E8}
		{4027AA43-7F33-4603-875C-98AA69D7ADC8} = {2C47FF0C-83B7-48DB-BB6D-4CFD0ED5E34A}
		{EF11639C-E334-4721-BC7B-12205830A03E} = {02EA681E-C7D8-13C7-8484-4AC65E1B71E8}
		{1611C687-AEDC-4C2B-B13B-E09724F2E14D} = {EF11639C-E334-4721-BC7B-12205830A03E}
		{7AECFE51-A6F8-4C3D-9114-A4BE7FBCC7DF} = {2C47FF0C-83B7-48DB-BB6D-4CFD0ED5E34A}
		{9B5C3067-0F4F-4D51-B2EE-C66E7D5568B8} = {7AECFE51-A6F8-4C3D-9114-A4BE7FBCC7DF}
		{BF686D96-C4B9-44A7-8C06-0E765111A585} = {2C47FF0C-83B7-48DB-BB6D-4CFD0ED5E34A}
		{2D73CF1A-54EF-496E-9EF1-CC53C207937F} = {2C47FF0C-83B7-48DB-BB6D-4CFD0ED5E34A}
		{9443EBDB-002F-4845-A659-44D4BF9A22CF} = {B17C2944-B379-45DA-AF5D-B20D53DF72C0}
	EndGlobalSection
	GlobalSection(ExtensibilityGlobals) = postSolution
		SolutionGuid = {FA81EC5F-F50E-4AE4-AC09-5F4ABAD77FEC}
	EndGlobalSection
EndGlobal
